
Microsoft Visual Studio Solution File, Format Version 12.00
# Visual Studio Version 17
VisualStudioVersion = 17.0.32014.148
MinimumVisualStudioVersion = 10.0.40219.1
Project("{FAE04EC0-301F-11D3-BF4B-00C04F79EFBC}") = "api", "api\api.csproj", "{24927B80-9B1C-47B3-8F36-B8DDDDEBC2C6}"
EndProject
Project("{FAE04EC0-301F-11D3-BF4B-00C04F79EFBC}") = "tests", "tests\tests.csproj", "{76AE5F72-3A3D-4B01-B460-8C904132C724}"
EndProject
Global
	GlobalSection(SolutionConfigurationPlatforms) = preSolution
		Debug|Any CPU = Debug|Any CPU
		Release|Any CPU = Release|Any CPU
	EndGlobalSection
	GlobalSection(ProjectConfigurationPlatforms) = postSolution
		{24927B80-9B1C-47B3-8F36-B8DDDDEBC2C6}.Debug|Any CPU.ActiveCfg = Debug|Any CPU
		{24927B80-9B1C-47B3-8F36-B8DDDDEBC2C6}.Debug|Any CPU.Build.0 = Debug|Any CPU
		{24927B80-9B1C-47B3-8F36-B8DDDDEBC2C6}.Release|Any CPU.ActiveCfg = Release|Any CPU
		{24927B80-9B1C-47B3-8F36-B8DDDDEBC2C6}.Release|Any CPU.Build.0 = Release|Any CPU
		{76AE5F72-3A3D-4B01-B460-8C904132C724}.Debug|Any CPU.ActiveCfg = Debug|Any CPU
		{76AE5F72-3A3D-4B01-B460-8C904132C724}.Debug|Any CPU.Build.0 = Debug|Any CPU
		{76AE5F72-3A3D-4B01-B460-8C904132C724}.Release|Any CPU.ActiveCfg = Release|Any CPU
		{76AE5F72-3A3D-4B01-B460-8C904132C724}.Release|Any CPU.Build.0 = Release|Any CPU
	EndGlobalSection
	GlobalSection(SolutionProperties) = preSolution
		HideSolutionNode = FALSE
	EndGlobalSection
	GlobalSection(ExtensibilityGlobals) = postSolution
		SolutionGuid = {A81C23AF-42E1-4B09-A43A-B5FF3C00F43A}
	EndGlobalSection
EndGlobal
